// !$*UTF8*$!
{
	archiveVersion = 1;
	classes = {
	};
	objectVersion = 46;
	objects = {

/* Begin PBXBuildFile section */
		D99772EC18E44EDC005EE6FC /* Foundation.framework in Frameworks */ = {isa = PBXBuildFile; fileRef = D99772EB18E44EDC005EE6FC /* Foundation.framework */; };
		D99772EE18E44EDC005EE6FC /* CoreGraphics.framework in Frameworks */ = {isa = PBXBuildFile; fileRef = D99772ED18E44EDC005EE6FC /* CoreGraphics.framework */; };
		D99772F018E44EDC005EE6FC /* UIKit.framework in Frameworks */ = {isa = PBXBuildFile; fileRef = D99772EF18E44EDC005EE6FC /* UIKit.framework */; };
		D99772F618E44EDC005EE6FC /* InfoPlist.strings in Resources */ = {isa = PBXBuildFile; fileRef = D99772F418E44EDC005EE6FC /* InfoPlist.strings */; };
		D99772F818E44EDC005EE6FC /* main.m in Sources */ = {isa = PBXBuildFile; fileRef = D99772F718E44EDC005EE6FC /* main.m */; };
		D99772FC18E44EDC005EE6FC /* AppDelegate.m in Sources */ = {isa = PBXBuildFile; fileRef = D99772FB18E44EDC005EE6FC /* AppDelegate.m */; };
		D99772FF18E44EDC005EE6FC /* Main.storyboard in Resources */ = {isa = PBXBuildFile; fileRef = D99772FD18E44EDC005EE6FC /* Main.storyboard */; };
		D997730218E44EDC005EE6FC /* ViewController.m in Sources */ = {isa = PBXBuildFile; fileRef = D997730118E44EDC005EE6FC /* ViewController.m */; };
		D997730418E44EDC005EE6FC /* Images.xcassets in Resources */ = {isa = PBXBuildFile; fileRef = D997730318E44EDC005EE6FC /* Images.xcassets */; };
		D997730B18E44EDC005EE6FC /* XCTest.framework in Frameworks */ = {isa = PBXBuildFile; fileRef = D997730A18E44EDC005EE6FC /* XCTest.framework */; };
		D997730C18E44EDC005EE6FC /* Foundation.framework in Frameworks */ = {isa = PBXBuildFile; fileRef = D99772EB18E44EDC005EE6FC /* Foundation.framework */; };
		D997730D18E44EDC005EE6FC /* UIKit.framework in Frameworks */ = {isa = PBXBuildFile; fileRef = D99772EF18E44EDC005EE6FC /* UIKit.framework */; };
		D997731518E44EDC005EE6FC /* InfoPlist.strings in Resources */ = {isa = PBXBuildFile; fileRef = D997731318E44EDC005EE6FC /* InfoPlist.strings */; };
		D997731718E44EDC005EE6FC /* RabbitDemoTests.m in Sources */ = {isa = PBXBuildFile; fileRef = D997731618E44EDC005EE6FC /* RabbitDemoTests.m */; };
		D997733718E44EEE005EE6FC /* background.jpg in Resources */ = {isa = PBXBuildFile; fileRef = D997732118E44EEE005EE6FC /* background.jpg */; };
		D997733818E44EEE005EE6FC /* frame-1.png in Resources */ = {isa = PBXBuildFile; fileRef = D997732218E44EEE005EE6FC /* frame-1.png */; };
		D997733918E44EEE005EE6FC /* frame-10.png in Resources */ = {isa = PBXBuildFile; fileRef = D997732318E44EEE005EE6FC /* frame-10.png */; };
		D997733A18E44EEE005EE6FC /* frame-11.png in Resources */ = {isa = PBXBuildFile; fileRef = D997732418E44EEE005EE6FC /* frame-11.png */; };
		D997733B18E44EEE005EE6FC /* frame-12.png in Resources */ = {isa = PBXBuildFile; fileRef = D997732518E44EEE005EE6FC /* frame-12.png */; };
		D997733C18E44EEE005EE6FC /* frame-13.png in Resources */ = {isa = PBXBuildFile; fileRef = D997732618E44EEE005EE6FC /* frame-13.png */; };
		D997733D18E44EEE005EE6FC /* frame-14.png in Resources */ = {isa = PBXBuildFile; fileRef = D997732718E44EEE005EE6FC /* frame-14.png */; };
		D997733E18E44EEE005EE6FC /* frame-15.png in Resources */ = {isa = PBXBuildFile; fileRef = D997732818E44EEE005EE6FC /* frame-15.png */; };
		D997733F18E44EEE005EE6FC /* frame-16.png in Resources */ = {isa = PBXBuildFile; fileRef = D997732918E44EEE005EE6FC /* frame-16.png */; };
		D997734018E44EEE005EE6FC /* frame-17.png in Resources */ = {isa = PBXBuildFile; fileRef = D997732A18E44EEE005EE6FC /* frame-17.png */; };
		D997734118E44EEE005EE6FC /* frame-18.png in Resources */ = {isa = PBXBuildFile; fileRef = D997732B18E44EEE005EE6FC /* frame-18.png */; };
		D997734218E44EEE005EE6FC /* frame-19.png in Resources */ = {isa = PBXBuildFile; fileRef = D997732C18E44EEE005EE6FC /* frame-19.png */; };
		D997734318E44EEE005EE6FC /* frame-2.png in Resources */ = {isa = PBXBuildFile; fileRef = D997732D18E44EEE005EE6FC /* frame-2.png */; };
		D997734418E44EEE005EE6FC /* frame-20.png in Resources */ = {isa = PBXBuildFile; fileRef = D997732E18E44EEE005EE6FC /* frame-20.png */; };
		D997734518E44EEE005EE6FC /* frame-3.png in Resources */ = {isa = PBXBuildFile; fileRef = D997732F18E44EEE005EE6FC /* frame-3.png */; };
		D997734618E44EEE005EE6FC /* frame-4.png in Resources */ = {isa = PBXBuildFile; fileRef = D997733018E44EEE005EE6FC /* frame-4.png */; };
		D997734718E44EEE005EE6FC /* frame-5.png in Resources */ = {isa = PBXBuildFile; fileRef = D997733118E44EEE005EE6FC /* frame-5.png */; };
		D997734818E44EEE005EE6FC /* frame-6.png in Resources */ = {isa = PBXBuildFile; fileRef = D997733218E44EEE005EE6FC /* frame-6.png */; };
		D997734918E44EEE005EE6FC /* frame-7.png in Resources */ = {isa = PBXBuildFile; fileRef = D997733318E44EEE005EE6FC /* frame-7.png */; };
		D997734A18E44EEE005EE6FC /* frame-8.png in Resources */ = {isa = PBXBuildFile; fileRef = D997733418E44EEE005EE6FC /* frame-8.png */; };
		D997734B18E44EEE005EE6FC /* frame-9.png in Resources */ = {isa = PBXBuildFile; fileRef = D997733518E44EEE005EE6FC /* frame-9.png */; };
		D997734C18E44EEE005EE6FC /* icon.png in Resources */ = {isa = PBXBuildFile; fileRef = D997733618E44EEE005EE6FC /* icon.png */; };
/* End PBXBuildFile section */

/* Begin PBXContainerItemProxy section */
		D997730E18E44EDC005EE6FC /* PBXContainerItemProxy */ = {
			isa = PBXContainerItemProxy;
			containerPortal = D99772E018E44EDC005EE6FC /* Project object */;
			proxyType = 1;
			remoteGlobalIDString = D99772E718E44EDC005EE6FC;
			remoteInfo = RabbitDemo;
		};
/* End PBXContainerItemProxy section */

/* Begin PBXFileReference section */
		D99772E818E44EDC005EE6FC /* RabbitDemo.app */ = {isa = PBXFileReference; explicitFileType = wrapper.application; includeInIndex = 0; path = RabbitDemo.app; sourceTree = BUILT_PRODUCTS_DIR; };
		D99772EB18E44EDC005EE6FC /* Foundation.framework */ = {isa = PBXFileReference; lastKnownFileType = wrapper.framework; name = Foundation.framework; path = System/Library/Frameworks/Foundation.framework; sourceTree = SDKROOT; };
		D99772ED18E44EDC005EE6FC /* CoreGraphics.framework */ = {isa = PBXFileReference; lastKnownFileType = wrapper.framework; name = CoreGraphics.framework; path = System/Library/Frameworks/CoreGraphics.framework; sourceTree = SDKROOT; };
		D99772EF18E44EDC005EE6FC /* UIKit.framework */ = {isa = PBXFileReference; lastKnownFileType = wrapper.framework; name = UIKit.framework; path = System/Library/Frameworks/UIKit.framework; sourceTree = SDKROOT; };
		D99772F318E44EDC005EE6FC /* RabbitDemo-Info.plist */ = {isa = PBXFileReference; lastKnownFileType = text.plist.xml; path = "RabbitDemo-Info.plist"; sourceTree = "<group>"; };
		D99772F518E44EDC005EE6FC /* en */ = {isa = PBXFileReference; lastKnownFileType = text.plist.strings; name = en; path = en.lproj/InfoPlist.strings; sourceTree = "<group>"; };
		D99772F718E44EDC005EE6FC /* main.m */ = {isa = PBXFileReference; lastKnownFileType = sourcecode.c.objc; path = main.m; sourceTree = "<group>"; };
		D99772F918E44EDC005EE6FC /* RabbitDemo-Prefix.pch */ = {isa = PBXFileReference; lastKnownFileType = sourcecode.c.h; path = "RabbitDemo-Prefix.pch"; sourceTree = "<group>"; };
		D99772FA18E44EDC005EE6FC /* AppDelegate.h */ = {isa = PBXFileReference; lastKnownFileType = sourcecode.c.h; path = AppDelegate.h; sourceTree = "<group>"; };
		D99772FB18E44EDC005EE6FC /* AppDelegate.m */ = {isa = PBXFileReference; lastKnownFileType = sourcecode.c.objc; path = AppDelegate.m; sourceTree = "<group>"; };
		D99772FE18E44EDC005EE6FC /* Base */ = {isa = PBXFileReference; lastKnownFileType = file.storyboard; name = Base; path = Base.lproj/Main.storyboard; sourceTree = "<group>"; };
		D997730018E44EDC005EE6FC /* ViewController.h */ = {isa = PBXFileReference; lastKnownFileType = sourcecode.c.h; path = ViewController.h; sourceTree = "<group>"; };
		D997730118E44EDC005EE6FC /* ViewController.m */ = {isa = PBXFileReference; lastKnownFileType = sourcecode.c.objc; path = ViewController.m; sourceTree = "<group>"; };
		D997730318E44EDC005EE6FC /* Images.xcassets */ = {isa = PBXFileReference; lastKnownFileType = folder.assetcatalog; path = Images.xcassets; sourceTree = "<group>"; };
		D997730918E44EDC005EE6FC /* RabbitDemoTests.xctest */ = {isa = PBXFileReference; explicitFileType = wrapper.cfbundle; includeInIndex = 0; path = RabbitDemoTests.xctest; sourceTree = BUILT_PRODUCTS_DIR; };
		D997730A18E44EDC005EE6FC /* XCTest.framework */ = {isa = PBXFileReference; lastKnownFileType = wrapper.framework; name = XCTest.framework; path = Library/Frameworks/XCTest.framework; sourceTree = DEVELOPER_DIR; };
		D997731218E44EDC005EE6FC /* RabbitDemoTests-Info.plist */ = {isa = PBXFileReference; lastKnownFileType = text.plist.xml; path = "RabbitDemoTests-Info.plist"; sourceTree = "<group>"; };
		D997731418E44EDC005EE6FC /* en */ = {isa = PBXFileReference; lastKnownFileType = text.plist.strings; name = en; path = en.lproj/InfoPlist.strings; sourceTree = "<group>"; };
		D997731618E44EDC005EE6FC /* RabbitDemoTests.m */ = {isa = PBXFileReference; lastKnownFileType = sourcecode.c.objc; path = RabbitDemoTests.m; sourceTree = "<group>"; };
		D997732118E44EEE005EE6FC /* background.jpg */ = {isa = PBXFileReference; lastKnownFileType = image.jpeg; path = background.jpg; sourceTree = "<group>"; };
		D997732218E44EEE005EE6FC /* frame-1.png */ = {isa = PBXFileReference; lastKnownFileType = image.png; path = "frame-1.png"; sourceTree = "<group>"; };
		D997732318E44EEE005EE6FC /* frame-10.png */ = {isa = PBXFileReference; lastKnownFileType = image.png; path = "frame-10.png"; sourceTree = "<group>"; };
		D997732418E44EEE005EE6FC /* frame-11.png */ = {isa = PBXFileReference; lastKnownFileType = image.png; path = "frame-11.png"; sourceTree = "<group>"; };
		D997732518E44EEE005EE6FC /* frame-12.png */ = {isa = PBXFileReference; lastKnownFileType = image.png; path = "frame-12.png"; sourceTree = "<group>"; };
		D997732618E44EEE005EE6FC /* frame-13.png */ = {isa = PBXFileReference; lastKnownFileType = image.png; path = "frame-13.png"; sourceTree = "<group>"; };
		D997732718E44EEE005EE6FC /* frame-14.png */ = {isa = PBXFileReference; lastKnownFileType = image.png; path = "frame-14.png"; sourceTree = "<group>"; };
		D997732818E44EEE005EE6FC /* frame-15.png */ = {isa = PBXFileReference; lastKnownFileType = image.png; path = "frame-15.png"; sourceTree = "<group>"; };
		D997732918E44EEE005EE6FC /* frame-16.png */ = {isa = PBXFileReference; lastKnownFileType = image.png; path = "frame-16.png"; sourceTree = "<group>"; };
		D997732A18E44EEE005EE6FC /* frame-17.png */ = {isa = PBXFileReference; lastKnownFileType = image.png; path = "frame-17.png"; sourceTree = "<group>"; };
		D997732B18E44EEE005EE6FC /* frame-18.png */ = {isa = PBXFileReference; lastKnownFileType = image.png; path = "frame-18.png"; sourceTree = "<group>"; };
		D997732C18E44EEE005EE6FC /* frame-19.png */ = {isa = PBXFileReference; lastKnownFileType = image.png; path = "frame-19.png"; sourceTree = "<group>"; };
		D997732D18E44EEE005EE6FC /* frame-2.png */ = {isa = PBXFileReference; lastKnownFileType = image.png; path = "frame-2.png"; sourceTree = "<group>"; };
		D997732E18E44EEE005EE6FC /* frame-20.png */ = {isa = PBXFileReference; lastKnownFileType = image.png; path = "frame-20.png"; sourceTree = "<group>"; };
		D997732F18E44EEE005EE6FC /* frame-3.png */ = {isa = PBXFileReference; lastKnownFileType = image.png; path = "frame-3.png"; sourceTree = "<group>"; };
		D997733018E44EEE005EE6FC /* frame-4.png */ = {isa = PBXFileReference; lastKnownFileType = image.png; path = "frame-4.png"; sourceTree = "<group>"; };
		D997733118E44EEE005EE6FC /* frame-5.png */ = {isa = PBXFileReference; lastKnownFileType = image.png; path = "frame-5.png"; sourceTree = "<group>"; };
		D997733218E44EEE005EE6FC /* frame-6.png */ = {isa = PBXFileReference; lastKnownFileType = image.png; path = "frame-6.png"; sourceTree = "<group>"; };
		D997733318E44EEE005EE6FC /* frame-7.png */ = {isa = PBXFileReference; lastKnownFileType = image.png; path = "frame-7.png"; sourceTree = "<group>"; };
		D997733418E44EEE005EE6FC /* frame-8.png */ = {isa = PBXFileReference; lastKnownFileType = image.png; path = "frame-8.png"; sourceTree = "<group>"; };
		D997733518E44EEE005EE6FC /* frame-9.png */ = {isa = PBXFileReference; lastKnownFileType = image.png; path = "frame-9.png"; sourceTree = "<group>"; };
		D997733618E44EEE005EE6FC /* icon.png */ = {isa = PBXFileReference; lastKnownFileType = image.png; path = icon.png; sourceTree = "<group>"; };
/* End PBXFileReference section */

/* Begin PBXFrameworksBuildPhase section */
		D99772E518E44EDC005EE6FC /* Frameworks */ = {
			isa = PBXFrameworksBuildPhase;
			buildActionMask = 2147483647;
			files = (
				D99772EE18E44EDC005EE6FC /* CoreGraphics.framework in Frameworks */,
				D99772F018E44EDC005EE6FC /* UIKit.framework in Frameworks */,
				D99772EC18E44EDC005EE6FC /* Foundation.framework in Frameworks */,
			);
			runOnlyForDeploymentPostprocessing = 0;
		};
		D997730618E44EDC005EE6FC /* Frameworks */ = {
			isa = PBXFrameworksBuildPhase;
			buildActionMask = 2147483647;
			files = (
				D997730B18E44EDC005EE6FC /* XCTest.framework in Frameworks */,
				D997730D18E44EDC005EE6FC /* UIKit.framework in Frameworks */,
				D997730C18E44EDC005EE6FC /* Foundation.framework in Frameworks */,
			);
			runOnlyForDeploymentPostprocessing = 0;
		};
/* End PBXFrameworksBuildPhase section */

/* Begin PBXGroup section */
		D99772DF18E44EDC005EE6FC = {
			isa = PBXGroup;
			children = (
				D997732018E44EEE005EE6FC /* Images */,
				D99772F118E44EDC005EE6FC /* RabbitDemo */,
				D997731018E44EDC005EE6FC /* RabbitDemoTests */,
				D99772EA18E44EDC005EE6FC /* Frameworks */,
				D99772E918E44EDC005EE6FC /* Products */,
			);
			sourceTree = "<group>";
		};
		D99772E918E44EDC005EE6FC /* Products */ = {
			isa = PBXGroup;
			children = (
				D99772E818E44EDC005EE6FC /* RabbitDemo.app */,
				D997730918E44EDC005EE6FC /* RabbitDemoTests.xctest */,
			);
			name = Products;
			sourceTree = "<group>";
		};
		D99772EA18E44EDC005EE6FC /* Frameworks */ = {
			isa = PBXGroup;
			children = (
				D99772EB18E44EDC005EE6FC /* Foundation.framework */,
				D99772ED18E44EDC005EE6FC /* CoreGraphics.framework */,
				D99772EF18E44EDC005EE6FC /* UIKit.framework */,
				D997730A18E44EDC005EE6FC /* XCTest.framework */,
			);
			name = Frameworks;
			sourceTree = "<group>";
		};
		D99772F118E44EDC005EE6FC /* RabbitDemo */ = {
			isa = PBXGroup;
			children = (
				D99772FA18E44EDC005EE6FC /* AppDelegate.h */,
				D99772FB18E44EDC005EE6FC /* AppDelegate.m */,
				D99772FD18E44EDC005EE6FC /* Main.storyboard */,
				D997730018E44EDC005EE6FC /* ViewController.h */,
				D997730118E44EDC005EE6FC /* ViewController.m */,
				D997730318E44EDC005EE6FC /* Images.xcassets */,
				D99772F218E44EDC005EE6FC /* Supporting Files */,
			);
			path = RabbitDemo;
			sourceTree = "<group>";
		};
		D99772F218E44EDC005EE6FC /* Supporting Files */ = {
			isa = PBXGroup;
			children = (
				D99772F318E44EDC005EE6FC /* RabbitDemo-Info.plist */,
				D99772F418E44EDC005EE6FC /* InfoPlist.strings */,
				D99772F718E44EDC005EE6FC /* main.m */,
				D99772F918E44EDC005EE6FC /* RabbitDemo-Prefix.pch */,
			);
			name = "Supporting Files";
			sourceTree = "<group>";
		};
		D997731018E44EDC005EE6FC /* RabbitDemoTests */ = {
			isa = PBXGroup;
			children = (
				D997731618E44EDC005EE6FC /* RabbitDemoTests.m */,
				D997731118E44EDC005EE6FC /* Supporting Files */,
			);
			path = RabbitDemoTests;
			sourceTree = "<group>";
		};
		D997731118E44EDC005EE6FC /* Supporting Files */ = {
			isa = PBXGroup;
			children = (
				D997731218E44EDC005EE6FC /* RabbitDemoTests-Info.plist */,
				D997731318E44EDC005EE6FC /* InfoPlist.strings */,
			);
			name = "Supporting Files";
			sourceTree = "<group>";
		};
		D997732018E44EEE005EE6FC /* Images */ = {
			isa = PBXGroup;
			children = (
				D997732118E44EEE005EE6FC /* background.jpg */,
				D997732218E44EEE005EE6FC /* frame-1.png */,
				D997732318E44EEE005EE6FC /* frame-10.png */,
				D997732418E44EEE005EE6FC /* frame-11.png */,
				D997732518E44EEE005EE6FC /* frame-12.png */,
				D997732618E44EEE005EE6FC /* frame-13.png */,
				D997732718E44EEE005EE6FC /* frame-14.png */,
				D997732818E44EEE005EE6FC /* frame-15.png */,
				D997732918E44EEE005EE6FC /* frame-16.png */,
				D997732A18E44EEE005EE6FC /* frame-17.png */,
				D997732B18E44EEE005EE6FC /* frame-18.png */,
				D997732C18E44EEE005EE6FC /* frame-19.png */,
				D997732D18E44EEE005EE6FC /* frame-2.png */,
				D997732E18E44EEE005EE6FC /* frame-20.png */,
				D997732F18E44EEE005EE6FC /* frame-3.png */,
				D997733018E44EEE005EE6FC /* frame-4.png */,
				D997733118E44EEE005EE6FC /* frame-5.png */,
				D997733218E44EEE005EE6FC /* frame-6.png */,
				D997733318E44EEE005EE6FC /* frame-7.png */,
				D997733418E44EEE005EE6FC /* frame-8.png */,
				D997733518E44EEE005EE6FC /* frame-9.png */,
				D997733618E44EEE005EE6FC /* icon.png */,
			);
			path = Images;
			sourceTree = "<group>";
		};
/* End PBXGroup section */

/* Begin PBXNativeTarget section */
		D99772E718E44EDC005EE6FC /* RabbitDemo */ = {
			isa = PBXNativeTarget;
			buildConfigurationList = D997731A18E44EDC005EE6FC /* Build configuration list for PBXNativeTarget "RabbitDemo" */;
			buildPhases = (
				D99772E418E44EDC005EE6FC /* Sources */,
				D99772E518E44EDC005EE6FC /* Frameworks */,
				D99772E618E44EDC005EE6FC /* Resources */,
			);
			buildRules = (
			);
			dependencies = (
			);
			name = RabbitDemo;
			productName = RabbitDemo;
			productReference = D99772E818E44EDC005EE6FC /* RabbitDemo.app */;
			productType = "com.apple.product-type.application";
		};
		D997730818E44EDC005EE6FC /* RabbitDemoTests */ = {
			isa = PBXNativeTarget;
			buildConfigurationList = D997731D18E44EDC005EE6FC /* Build configuration list for PBXNativeTarget "RabbitDemoTests" */;
			buildPhases = (
				D997730518E44EDC005EE6FC /* Sources */,
				D997730618E44EDC005EE6FC /* Frameworks */,
				D997730718E44EDC005EE6FC /* Resources */,
			);
			buildRules = (
			);
			dependencies = (
				D997730F18E44EDC005EE6FC /* PBXTargetDependency */,
			);
			name = RabbitDemoTests;
			productName = RabbitDemoTests;
			productReference = D997730918E44EDC005EE6FC /* RabbitDemoTests.xctest */;
			productType = "com.apple.product-type.bundle.unit-test";
		};
/* End PBXNativeTarget section */

/* Begin PBXProject section */
		D99772E018E44EDC005EE6FC /* Project object */ = {
			isa = PBXProject;
			attributes = {
				LastUpgradeCheck = 0510;
				ORGANIZATIONNAME = el1ven;
				TargetAttributes = {
					D997730818E44EDC005EE6FC = {
						TestTargetID = D99772E718E44EDC005EE6FC;
					};
				};
			};
			buildConfigurationList = D99772E318E44EDC005EE6FC /* Build configuration list for PBXProject "RabbitDemo" */;
			compatibilityVersion = "Xcode 3.2";
			developmentRegion = English;
			hasScannedForEncodings = 0;
			knownRegions = (
				en,
				Base,
			);
			mainGroup = D99772DF18E44EDC005EE6FC;
			productRefGroup = D99772E918E44EDC005EE6FC /* Products */;
			projectDirPath = "";
			projectRoot = "";
			targets = (
				D99772E718E44EDC005EE6FC /* RabbitDemo */,
				D997730818E44EDC005EE6FC /* RabbitDemoTests */,
			);
		};
/* End PBXProject section */

/* Begin PBXResourcesBuildPhase section */
		D99772E618E44EDC005EE6FC /* Resources */ = {
			isa = PBXResourcesBuildPhase;
			buildActionMask = 2147483647;
			files = (
				D997733818E44EEE005EE6FC /* frame-1.png in Resources */,
				D997734618E44EEE005EE6FC /* frame-4.png in Resources */,
				D997734A18E44EEE005EE6FC /* frame-8.png in Resources */,
				D997734518E44EEE005EE6FC /* frame-3.png in Resources */,
				D997733C18E44EEE005EE6FC /* frame-13.png in Resources */,
				D997733D18E44EEE005EE6FC /* frame-14.png in Resources */,
				D997730418E44EDC005EE6FC /* Images.xcassets in Resources */,
				D997734B18E44EEE005EE6FC /* frame-9.png in Resources */,
				D997733B18E44EEE005EE6FC /* frame-12.png in Resources */,
				D997733718E44EEE005EE6FC /* background.jpg in Resources */,
				D997734118E44EEE005EE6FC /* frame-18.png in Resources */,
				D997734218E44EEE005EE6FC /* frame-19.png in Resources */,
				D997734818E44EEE005EE6FC /* frame-6.png in Resources */,
				D997734318E44EEE005EE6FC /* frame-2.png in Resources */,
				D997734718E44EEE005EE6FC /* frame-5.png in Resources */,
				D997734018E44EEE005EE6FC /* frame-17.png in Resources */,
				D997733E18E44EEE005EE6FC /* frame-15.png in Resources */,
				D99772F618E44EDC005EE6FC /* InfoPlist.strings in Resources */,
				D997733918E44EEE005EE6FC /* frame-10.png in Resources */,
				D997734918E44EEE005EE6FC /* frame-7.png in Resources */,
				D997734418E44EEE005EE6FC /* frame-20.png in Resources */,
				D997734C18E44EEE005EE6FC /* icon.png in Resources */,
				D99772FF18E44EDC005EE6FC /* Main.storyboard in Resources */,
				D997733F18E44EEE005EE6FC /* frame-16.png in Resources */,
				D997733A18E44EEE005EE6FC /* frame-11.png in Resources */,
			);
			runOnlyForDeploymentPostprocessing = 0;
		};
		D997730718E44EDC005EE6FC /* Resources */ = {
			isa = PBXResourcesBuildPhase;
			buildActionMask = 2147483647;
			files = (
				D997731518E44EDC005EE6FC /* InfoPlist.strings in Resources */,
			);
			runOnlyForDeploymentPostprocessing = 0;
		};
/* End PBXResourcesBuildPhase section */

/* Begin PBXSourcesBuildPhase section */
		D99772E418E44EDC005EE6FC /* Sources */ = {
			isa = PBXSourcesBuildPhase;
			buildActionMask = 2147483647;
			files = (
				D997730218E44EDC005EE6FC /* ViewController.m in Sources */,
				D99772FC18E44EDC005EE6FC /* AppDelegate.m in Sources */,
				D99772F818E44EDC005EE6FC /* main.m in Sources */,
			);
			runOnlyForDeploymentPostprocessing = 0;
		};
		D997730518E44EDC005EE6FC /* Sources */ = {
			isa = PBXSourcesBuildPhase;
			buildActionMask = 2147483647;
			files = (
				D997731718E44EDC005EE6FC /* RabbitDemoTests.m in Sources */,
			);
			runOnlyForDeploymentPostprocessing = 0;
		};
/* End PBXSourcesBuildPhase section */

/* Begin PBXTargetDependency section */
		D997730F18E44EDC005EE6FC /* PBXTargetDependency */ = {
			isa = PBXTargetDependency;
			target = D99772E718E44EDC005EE6FC /* RabbitDemo */;
			targetProxy = D997730E18E44EDC005EE6FC /* PBXContainerItemProxy */;
		};
/* End PBXTargetDependency section */

/* Begin PBXVariantGroup section */
		D99772F418E44EDC005EE6FC /* InfoPlist.strings */ = {
			isa = PBXVariantGroup;
			children = (
				D99772F518E44EDC005EE6FC /* en */,
			);
			name = InfoPlist.strings;
			sourceTree = "<group>";
		};
		D99772FD18E44EDC005EE6FC /* Main.storyboard */ = {
			isa = PBXVariantGroup;
			children = (
				D99772FE18E44EDC005EE6FC /* Base */,
			);
			name = Main.storyboard;
			sourceTree = "<group>";
		};
		D997731318E44EDC005EE6FC /* InfoPlist.strings */ = {
			isa = PBXVariantGroup;
			children = (
				D997731418E44EDC005EE6FC /* en */,
			);
			name = InfoPlist.strings;
			sourceTree = "<group>";
		};
/* End PBXVariantGroup section */

/* Begin XCBuildConfiguration section */
		D997731818E44EDC005EE6FC /* Debug */ = {
			isa = XCBuildConfiguration;
			buildSettings = {
				ALWAYS_SEARCH_USER_PATHS = NO;
				CLANG_CXX_LANGUAGE_STANDARD = "gnu++0x";
				CLANG_CXX_LIBRARY = "libc++";
				CLANG_ENABLE_MODULES = YES;
				CLANG_ENABLE_OBJC_ARC = YES;
				CLANG_WARN_BOOL_CONVERSION = YES;
				CLANG_WARN_CONSTANT_CONVERSION = YES;
				CLANG_WARN_DIRECT_OBJC_ISA_USAGE = YES_ERROR;
				CLANG_WARN_EMPTY_BODY = YES;
				CLANG_WARN_ENUM_CONVERSION = YES;
				CLANG_WARN_INT_CONVERSION = YES;
				CLANG_WARN_OBJC_ROOT_CLASS = YES_ERROR;
				CLANG_WARN__DUPLICATE_METHOD_MATCH = YES;
				"CODE_SIGN_IDENTITY[sdk=iphoneos*]" = "iPhone Developer";
				COPY_PHASE_STRIP = NO;
				GCC_C_LANGUAGE_STANDARD = gnu99;
				GCC_DYNAMIC_NO_PIC = NO;
				GCC_OPTIMIZATION_LEVEL = 0;
				GCC_PREPROCESSOR_DEFINITIONS = (
					"DEBUG=1",
					"$(inherited)",
				);
				GCC_SYMBOLS_PRIVATE_EXTERN = NO;
				GCC_WARN_64_TO_32_BIT_CONVERSION = YES;
				GCC_WARN_ABOUT_RETURN_TYPE = YES_ERROR;
				GCC_WARN_UNDECLARED_SELECTOR = YES;
				GCC_WARN_UNINITIALIZED_AUTOS = YES_AGGRESSIVE;
				GCC_WARN_UNUSED_FUNCTION = YES;
				GCC_WARN_UNUSED_VARIABLE = YES;
				IPHONEOS_DEPLOYMENT_TARGET = 7.1;
				ONLY_ACTIVE_ARCH = YES;
				SDKROOT = iphoneos;
			};
			name = Debug;
		};
		D997731918E44EDC005EE6FC /* Release */ = {
			isa = XCBuildConfiguration;
			buildSettings = {
				ALWAYS_SEARCH_USER_PATHS = NO;
				CLANG_CXX_LANGUAGE_STANDARD = "gnu++0x";
				CLANG_CXX_LIBRARY = "libc++";
				CLANG_ENABLE_MODULES = YES;
				CLANG_ENABLE_OBJC_ARC = YES;
				CLANG_WARN_BOOL_CONVERSION = YES;
				CLANG_WARN_CONSTANT_CONVERSION = YES;
				CLANG_WARN_DIRECT_OBJC_ISA_USAGE = YES_ERROR;
				CLANG_WARN_EMPTY_BODY = YES;
				CLANG_WARN_ENUM_CONVERSION = YES;
				CLANG_WARN_INT_CONVERSION = YES;
				CLANG_WARN_OBJC_ROOT_CLASS = YES_ERROR;
				CLANG_WARN__DUPLICATE_METHOD_MATCH = YES;
				"CODE_SIGN_IDENTITY[sdk=iphoneos*]" = "iPhone Developer";
				COPY_PHASE_STRIP = YES;
				ENABLE_NS_ASSERTIONS = NO;
				GCC_C_LANGUAGE_STANDARD = gnu99;
				GCC_WARN_64_TO_32_BIT_CONVERSION = YES;
				GCC_WARN_ABOUT_RETURN_TYPE = YES_ERROR;
				GCC_WARN_UNDECLARED_SELECTOR = YES;
				GCC_WARN_UNINITIALIZED_AUTOS = YES_AGGRESSIVE;
				GCC_WARN_UNUSED_FUNCTION = YES;
				GCC_WARN_UNUSED_VARIABLE = YES;
				IPHONEOS_DEPLOYMENT_TARGET = 7.1;
				SDKROOT = iphoneos;
				VALIDATE_PRODUCT = YES;
			};
			name = Release;
		};
		D997731B18E44EDC005EE6FC /* Debug */ = {
			isa = XCBuildConfiguration;
			buildSettings = {
				ASSETCATALOG_COMPILER_APPICON_NAME = AppIcon;
				ASSETCATALOG_COMPILER_LAUNCHIMAGE_NAME = LaunchImage;
				GCC_PRECOMPILE_PREFIX_HEADER = YES;
				GCC_PREFIX_HEADER = "RabbitDemo/RabbitDemo-Prefix.pch";
				INFOPLIST_FILE = "RabbitDemo/RabbitDemo-Info.plist";
				PRODUCT_NAME = "$(TARGET_NAME)";
				WRAPPER_EXTENSION = app;
			};
			name = Debug;
		};
		D997731C18E44EDC005EE6FC /* Release */ = {
			isa = XCBuildConfiguration;
			buildSettings = {
				ASSETCATALOG_COMPILER_APPICON_NAME = AppIcon;
				ASSETCATALOG_COMPILER_LAUNCHIMAGE_NAME = LaunchImage;
				GCC_PRECOMPILE_PREFIX_HEADER = YES;
				GCC_PREFIX_HEADER = "RabbitDemo/RabbitDemo-Prefix.pch";
				INFOPLIST_FILE = "RabbitDemo/RabbitDemo-Info.plist";
				PRODUCT_NAME = "$(TARGET_NAME)";
				WRAPPER_EXTENSION = app;
			};
			name = Release;
		};
		D997731E18E44EDC005EE6FC /* Debug */ = {
			isa = XCBuildConfiguration;
			buildSettings = {
				BUNDLE_LOADER = "$(BUILT_PRODUCTS_DIR)/RabbitDemo.app/RabbitDemo";
				FRAMEWORK_SEARCH_PATHS = (
					"$(SDKROOT)/Developer/Library/Frameworks",
					"$(inherited)",
					"$(DEVELOPER_FRAMEWORKS_DIR)",
				);
				GCC_PRECOMPILE_PREFIX_HEADER = YES;
				GCC_PREFIX_HEADER = "RabbitDemo/RabbitDemo-Prefix.pch";
				GCC_PREPROCESSOR_DEFINITIONS = (
					"DEBUG=1",
					"$(inherited)",
				);
				INFOPLIST_FILE = "RabbitDemoTests/RabbitDemoTests-Info.plist";
				PRODUCT_NAME = "$(TARGET_NAME)";
				TEST_HOST = "$(BUNDLE_LOADER)";
				WRAPPER_EXTENSION = xctest;
			};
			name = Debug;
		};
		D997731F18E44EDC005EE6FC /* Release */ = {
			isa = XCBuildConfiguration;
			buildSettings = {
				BUNDLE_LOADER = "$(BUILT_PRODUCTS_DIR)/RabbitDemo.app/RabbitDemo";
				FRAMEWORK_SEARCH_PATHS = (
					"$(SDKROOT)/Developer/Library/Frameworks",
					"$(inherited)",
					"$(DEVELOPER_FRAMEWORKS_DIR)",
				);
				GCC_PRECOMPILE_PREFIX_HEADER = YES;
				GCC_PREFIX_HEADER = "RabbitDemo/RabbitDemo-Prefix.pch";
				INFOPLIST_FILE = "RabbitDemoTests/RabbitDemoTests-Info.plist";
				PRODUCT_NAME = "$(TARGET_NAME)";
				TEST_HOST = "$(BUNDLE_LOADER)";
				WRAPPER_EXTENSION = xctest;
			};
			name = Release;
		};
/* End XCBuildConfiguration section */

/* Begin XCConfigurationList section */
		D99772E318E44EDC005EE6FC /* Build configuration list for PBXProject "RabbitDemo" */ = {
			isa = XCConfigurationList;
			buildConfigurations = (
				D997731818E44EDC005EE6FC /* Debug */,
				D997731918E44EDC005EE6FC /* Release */,
			);
			defaultConfigurationIsVisible = 0;
			defaultConfigurationName = Release;
		};
		D997731A18E44EDC005EE6FC /* Build configuration list for PBXNativeTarget "RabbitDemo" */ = {
			isa = XCConfigurationList;
			buildConfigurations = (
				D997731B18E44EDC005EE6FC /* Debug */,
				D997731C18E44EDC005EE6FC /* Release */,
			);
			defaultConfigurationIsVisible = 0;
		};
		D997731D18E44EDC005EE6FC /* Build configuration list for PBXNativeTarget "RabbitDemoTests" */ = {
			isa = XCConfigurationList;
			buildConfigurations = (
				D997731E18E44EDC005EE6FC /* Debug */,
				D997731F18E44EDC005EE6FC /* Release */,
			);
			defaultConfigurationIsVisible = 0;
		};
/* End XCConfigurationList section */
	};
	rootObject = D99772E018E44EDC005EE6FC /* Project object */;
}
